
Microsoft Visual Studio Solution File, Format Version 12.00
# Visual Studio Version 17
VisualStudioVersion = 17.4.33205.214
MinimumVisualStudioVersion = 10.0.40219.1
Project("{9A19103F-16F7-4668-BE54-9A1E7A4F7556}") = "HospitalDatabase", "HospitalDatabase\HospitalDatabase.csproj", "{96F9757C-F237-4580-80D0-BA1B0AB7BA5A}"
EndProject
Global
	GlobalSection(SolutionConfigurationPlatforms) = preSolution
		Debug|Any CPU = Debug|Any CPU
		Release|Any CPU = Release|Any CPU
	EndGlobalSection
	GlobalSection(ProjectConfigurationPlatforms) = postSolution
		{96F9757C-F237-4580-80D0-BA1B0AB7BA5A}.Debug|Any CPU.ActiveCfg = Debug|Any CPU
		{96F9757C-F237-4580-80D0-BA1B0AB7BA5A}.Debug|Any CPU.Build.0 = Debug|Any CPU
		{96F9757C-F237-4580-80D0-BA1B0AB7BA5A}.Release|Any CPU.ActiveCfg = Release|Any CPU
		{96F9757C-F237-4580-80D0-BA1B0AB7BA5A}.Release|Any CPU.Build.0 = Release|Any CPU
	EndGlobalSection
	GlobalSection(SolutionProperties) = preSolution
		HideSolutionNode = FALSE
	EndGlobalSection
	GlobalSection(ExtensibilityGlobals) = postSolution
		SolutionGuid = {41D9660D-849D-40F5-9206-068D3AABC899}
	EndGlobalSection
EndGlobal
