
Microsoft Visual Studio Solution File, Format Version 12.00
# Visual Studio Version 17
VisualStudioVersion = 17.4.33205.214
MinimumVisualStudioVersion = 10.0.40219.1
Project("{9A19103F-16F7-4668-BE54-9A1E7A4F7556}") = "SoftUni", "SoftUniDatabase.Program\SoftUni.csproj", "{FA629845-8112-4329-B2AA-B0DC2A81A37F}"
EndProject
Global
	GlobalSection(SolutionConfigurationPlatforms) = preSolution
		Debug|Any CPU = Debug|Any CPU
		Release|Any CPU = Release|Any CPU
	EndGlobalSection
	GlobalSection(ProjectConfigurationPlatforms) = postSolution
		{FA629845-8112-4329-B2AA-B0DC2A81A37F}.Debug|Any CPU.ActiveCfg = Debug|Any CPU
		{FA629845-8112-4329-B2AA-B0DC2A81A37F}.Debug|Any CPU.Build.0 = Debug|Any CPU
		{FA629845-8112-4329-B2AA-B0DC2A81A37F}.Release|Any CPU.ActiveCfg = Release|Any CPU
		{FA629845-8112-4329-B2AA-B0DC2A81A37F}.Release|Any CPU.Build.0 = Release|Any CPU
	EndGlobalSection
	GlobalSection(SolutionProperties) = preSolution
		HideSolutionNode = FALSE
	EndGlobalSection
	GlobalSection(ExtensibilityGlobals) = postSolution
		SolutionGuid = {382D35E6-3134-4BAC-9CD0-D8423F2844B3}
	EndGlobalSection
EndGlobal
